// !$*UTF8*$!
{
	archiveVersion = 1;
	classes = {
	};
	objectVersion = 56;
	objects = {

/* Begin PBXBuildFile section */
		3FDE31042CA32BB000F61DBA /* MusicApp.swift in Sources */ = {isa = PBXBuildFile; fileRef = 3FDE31032CA32BB000F61DBA /* MusicApp.swift */; };
		3FDE31062CA32BB000F61DBA /* ContentView.swift in Sources */ = {isa = PBXBuildFile; fileRef = 3FDE31052CA32BB000F61DBA /* ContentView.swift */; };
		3FDE31082CA32BB400F61DBA /* Assets.xcassets in Resources */ = {isa = PBXBuildFile; fileRef = 3FDE31072CA32BB400F61DBA /* Assets.xcassets */; };
		3FDE310B2CA32BB400F61DBA /* Preview Assets.xcassets in Resources */ = {isa = PBXBuildFile; fileRef = 3FDE310A2CA32BB400F61DBA /* Preview Assets.xcassets */; };
		3FDE31152CA32BB400F61DBA /* MusicTests.swift in Sources */ = {isa = PBXBuildFile; fileRef = 3FDE31142CA32BB400F61DBA /* MusicTests.swift */; };
		3FDE311F2CA32BB400F61DBA /* MusicUITests.swift in Sources */ = {isa = PBXBuildFile; fileRef = 3FDE311E2CA32BB400F61DBA /* MusicUITests.swift */; };
		3FDE31212CA32BB400F61DBA /* MusicUITestsLaunchTests.swift in Sources */ = {isa = PBXBuildFile; fileRef = 3FDE31202CA32BB400F61DBA /* MusicUITestsLaunchTests.swift */; };
		3FDE312E2CA332EE00F61DBA /* 10.mp3 in Resources */ = {isa = PBXBuildFile; fileRef = 3FDE312D2CA332EE00F61DBA /* 10.mp3 */; };
/* End PBXBuildFile section */

/* Begin PBXContainerItemProxy section */
		3FDE31112CA32BB400F61DBA /* PBXContainerItemProxy */ = {
			isa = PBXContainerItemProxy;
			containerPortal = 3FDE30F82CA32BB000F61DBA /* Project object */;
			proxyType = 1;
			remoteGlobalIDString = 3FDE30FF2CA32BB000F61DBA;
			remoteInfo = Music;
		};
		3FDE311B2CA32BB400F61DBA /* PBXContainerItemProxy */ = {
			isa = PBXContainerItemProxy;
			containerPortal = 3FDE30F82CA32BB000F61DBA /* Project object */;
			proxyType = 1;
			remoteGlobalIDString = 3FDE30FF2CA32BB000F61DBA;
			remoteInfo = Music;
		};
/* End PBXContainerItemProxy section */

/* Begin PBXFileReference section */
		3FDE31002CA32BB000F61DBA /* Music.app */ = {isa = PBXFileReference; explicitFileType = wrapper.application; includeInIndex = 0; path = Music.app; sourceTree = BUILT_PRODUCTS_DIR; };
		3FDE31032CA32BB000F61DBA /* MusicApp.swift */ = {isa = PBXFileReference; lastKnownFileType = sourcecode.swift; path = MusicApp.swift; sourceTree = "<group>"; };
		3FDE31052CA32BB000F61DBA /* ContentView.swift */ = {isa = PBXFileReference; lastKnownFileType = sourcecode.swift; path = ContentView.swift; sourceTree = "<group>"; };
		3FDE31072CA32BB400F61DBA /* Assets.xcassets */ = {isa = PBXFileReference; lastKnownFileType = folder.assetcatalog; path = Assets.xcassets; sourceTree = "<group>"; };
		3FDE310A2CA32BB400F61DBA /* Preview Assets.xcassets */ = {isa = PBXFileReference; lastKnownFileType = folder.assetcatalog; path = "Preview Assets.xcassets"; sourceTree = "<group>"; };
		3FDE31102CA32BB400F61DBA /* MusicTests.xctest */ = {isa = PBXFileReference; explicitFileType = wrapper.cfbundle; includeInIndex = 0; path = MusicTests.xctest; sourceTree = BUILT_PRODUCTS_DIR; };
		3FDE31142CA32BB400F61DBA /* MusicTests.swift */ = {isa = PBXFileReference; lastKnownFileType = sourcecode.swift; path = MusicTests.swift; sourceTree = "<group>"; };
		3FDE311A2CA32BB400F61DBA /* MusicUITests.xctest */ = {isa = PBXFileReference; explicitFileType = wrapper.cfbundle; includeInIndex = 0; path = MusicUITests.xctest; sourceTree = BUILT_PRODUCTS_DIR; };
		3FDE311E2CA32BB400F61DBA /* MusicUITests.swift */ = {isa = PBXFileReference; lastKnownFileType = sourcecode.swift; path = MusicUITests.swift; sourceTree = "<group>"; };
		3FDE31202CA32BB400F61DBA /* MusicUITestsLaunchTests.swift */ = {isa = PBXFileReference; lastKnownFileType = sourcecode.swift; path = MusicUITestsLaunchTests.swift; sourceTree = "<group>"; };
		3FDE312D2CA332EE00F61DBA /* 10.mp3 */ = {isa = PBXFileReference; lastKnownFileType = audio.mp3; name = 10.mp3; path = ../../../10.mp3; sourceTree = "<group>"; };
/* End PBXFileReference section */

/* Begin PBXFrameworksBuildPhase section */
		3FDE30FD2CA32BB000F61DBA /* Frameworks */ = {
			isa = PBXFrameworksBuildPhase;
			buildActionMask = 2147483647;
			files = (
			);
			runOnlyForDeploymentPostprocessing = 0;
		};
		3FDE310D2CA32BB400F61DBA /* Frameworks */ = {
			isa = PBXFrameworksBuildPhase;
			buildActionMask = 2147483647;
			files = (
			);
			runOnlyForDeploymentPostprocessing = 0;
		};
		3FDE31172CA32BB400F61DBA /* Frameworks */ = {
			isa = PBXFrameworksBuildPhase;
			buildActionMask = 2147483647;
			files = (
			);
			runOnlyForDeploymentPostprocessing = 0;
		};
/* End PBXFrameworksBuildPhase section */

/* Begin PBXGroup section */
		3FDE30F72CA32BB000F61DBA = {
			isa = PBXGroup;
			children = (
				3FDE31022CA32BB000F61DBA /* Music */,
				3FDE31132CA32BB400F61DBA /* MusicTests */,
				3FDE311D2CA32BB400F61DBA /* MusicUITests */,
				3FDE31012CA32BB000F61DBA /* Products */,
			);
			sourceTree = "<group>";
		};
		3FDE31012CA32BB000F61DBA /* Products */ = {
			isa = PBXGroup;
			children = (
				3FDE31002CA32BB000F61DBA /* Music.app */,
				3FDE31102CA32BB400F61DBA /* MusicTests.xctest */,
				3FDE311A2CA32BB400F61DBA /* MusicUITests.xctest */,
			);
			name = Products;
			sourceTree = "<group>";
		};
		3FDE31022CA32BB000F61DBA /* Music */ = {
			isa = PBXGroup;
			children = (
				3FDE31032CA32BB000F61DBA /* MusicApp.swift */,
				3FDE31052CA32BB000F61DBA /* ContentView.swift */,
				3FDE31072CA32BB400F61DBA /* Assets.xcassets */,
				3FDE312D2CA332EE00F61DBA /* 10.mp3 */,
				3FDE31092CA32BB400F61DBA /* Preview Content */,
			);
			path = Music;
			sourceTree = "<group>";
		};
		3FDE31092CA32BB400F61DBA /* Preview Content */ = {
			isa = PBXGroup;
			children = (
				3FDE310A2CA32BB400F61DBA /* Preview Assets.xcassets */,
			);
			path = "Preview Content";
			sourceTree = "<group>";
		};
		3FDE31132CA32BB400F61DBA /* MusicTests */ = {
			isa = PBXGroup;
			children = (
				3FDE31142CA32BB400F61DBA /* MusicTests.swift */,
			);
			path = MusicTests;
			sourceTree = "<group>";
		};
		3FDE311D2CA32BB400F61DBA /* MusicUITests */ = {
			isa = PBXGroup;
			children = (
				3FDE311E2CA32BB400F61DBA /* MusicUITests.swift */,
				3FDE31202CA32BB400F61DBA /* MusicUITestsLaunchTests.swift */,
			);
			path = MusicUITests;
			sourceTree = "<group>";
		};
/* End PBXGroup section */

/* Begin PBXNativeTarget section */
		3FDE30FF2CA32BB000F61DBA /* Music */ = {
			isa = PBXNativeTarget;
			buildConfigurationList = 3FDE31242CA32BB400F61DBA /* Build configuration list for PBXNativeTarget "Music" */;
			buildPhases = (
				3FDE30FC2CA32BB000F61DBA /* Sources */,
				3FDE30FD2CA32BB000F61DBA /* Frameworks */,
				3FDE30FE2CA32BB000F61DBA /* Resources */,
			);
			buildRules = (
			);
			dependencies = (
			);
			name = Music;
			productName = Music;
			productReference = 3FDE31002CA32BB000F61DBA /* Music.app */;
			productType = "com.apple.product-type.application";
		};
		3FDE310F2CA32BB400F61DBA /* MusicTests */ = {
			isa = PBXNativeTarget;
			buildConfigurationList = 3FDE31272CA32BB400F61DBA /* Build configuration list for PBXNativeTarget "MusicTests" */;
			buildPhases = (
				3FDE310C2CA32BB400F61DBA /* Sources */,
				3FDE310D2CA32BB400F61DBA /* Frameworks */,
				3FDE310E2CA32BB400F61DBA /* Resources */,
			);
			buildRules = (
			);
			dependencies = (
				3FDE31122CA32BB400F61DBA /* PBXTargetDependency */,
			);
			name = MusicTests;
			productName = MusicTests;
			productReference = 3FDE31102CA32BB400F61DBA /* MusicTests.xctest */;
			productType = "com.apple.product-type.bundle.unit-test";
		};
		3FDE31192CA32BB400F61DBA /* MusicUITests */ = {
			isa = PBXNativeTarget;
			buildConfigurationList = 3FDE312A2CA32BB400F61DBA /* Build configuration list for PBXNativeTarget "MusicUITests" */;
			buildPhases = (
				3FDE31162CA32BB400F61DBA /* Sources */,
				3FDE31172CA32BB400F61DBA /* Frameworks */,
				3FDE31182CA32BB400F61DBA /* Resources */,
			);
			buildRules = (
			);
			dependencies = (
				3FDE311C2CA32BB400F61DBA /* PBXTargetDependency */,
			);
			name = MusicUITests;
			productName = MusicUITests;
			productReference = 3FDE311A2CA32BB400F61DBA /* MusicUITests.xctest */;
			productType = "com.apple.product-type.bundle.ui-testing";
		};
/* End PBXNativeTarget section */

/* Begin PBXProject section */
		3FDE30F82CA32BB000F61DBA /* Project object */ = {
			isa = PBXProject;
			attributes = {
				BuildIndependentTargetsInParallel = 1;
				LastSwiftUpdateCheck = 1540;
				LastUpgradeCheck = 1540;
				TargetAttributes = {
					3FDE30FF2CA32BB000F61DBA = {
						CreatedOnToolsVersion = 15.4;
					};
					3FDE310F2CA32BB400F61DBA = {
						CreatedOnToolsVersion = 15.4;
						TestTargetID = 3FDE30FF2CA32BB000F61DBA;
					};
					3FDE31192CA32BB400F61DBA = {
						CreatedOnToolsVersion = 15.4;
						TestTargetID = 3FDE30FF2CA32BB000F61DBA;
					};
				};
			};
			buildConfigurationList = 3FDE30FB2CA32BB000F61DBA /* Build configuration list for PBXProject "Music" */;
			compatibilityVersion = "Xcode 14.0";
			developmentRegion = en;
			hasScannedForEncodings = 0;
			knownRegions = (
				en,
				Base,
			);
			mainGroup = 3FDE30F72CA32BB000F61DBA;
			productRefGroup = 3FDE31012CA32BB000F61DBA /* Products */;
			projectDirPath = "";
			projectRoot = "";
			targets = (
				3FDE30FF2CA32BB000F61DBA /* Music */,
				3FDE310F2CA32BB400F61DBA /* MusicTests */,
				3FDE31192CA32BB400F61DBA /* MusicUITests */,
			);
		};
/* End PBXProject section */

/* Begin PBXResourcesBuildPhase section */
		3FDE30FE2CA32BB000F61DBA /* Resources */ = {
			isa = PBXResourcesBuildPhase;
			buildActionMask = 2147483647;
			files = (
				3FDE310B2CA32BB400F61DBA /* Preview Assets.xcassets in Resources */,
				3FDE31082CA32BB400F61DBA /* Assets.xcassets in Resources */,
				3FDE312E2CA332EE00F61DBA /* 10.mp3 in Resources */,
			);
			runOnlyForDeploymentPostprocessing = 0;
		};
		3FDE310E2CA32BB400F61DBA /* Resources */ = {
			isa = PBXResourcesBuildPhase;
			buildActionMask = 2147483647;
			files = (
			);
			runOnlyForDeploymentPostprocessing = 0;
		};
		3FDE31182CA32BB400F61DBA /* Resources */ = {
			isa = PBXResourcesBuildPhase;
			buildActionMask = 2147483647;
			files = (
			);
			runOnlyForDeploymentPostprocessing = 0;
		};
/* End PBXResourcesBuildPhase section */

/* Begin PBXSourcesBuildPhase section */
		3FDE30FC2CA32BB000F61DBA /* Sources */ = {
			isa = PBXSourcesBuildPhase;
			buildActionMask = 2147483647;
			files = (
				3FDE31062CA32BB000F61DBA /* ContentView.swift in Sources */,
				3FDE31042CA32BB000F61DBA /* MusicApp.swift in Sources */,
			);
			runOnlyForDeploymentPostprocessing = 0;
		};
		3FDE310C2CA32BB400F61DBA /* Sources */ = {
			isa = PBXSourcesBuildPhase;
			buildActionMask = 2147483647;
			files = (
				3FDE31152CA32BB400F61DBA /* MusicTests.swift in Sources */,
			);
			runOnlyForDeploymentPostprocessing = 0;
		};
		3FDE31162CA32BB400F61DBA /* Sources */ = {
			isa = PBXSourcesBuildPhase;
			buildActionMask = 2147483647;
			files = (
				3FDE31212CA32BB400F61DBA /* MusicUITestsLaunchTests.swift in Sources */,
				3FDE311F2CA32BB400F61DBA /* MusicUITests.swift in Sources */,
			);
			runOnlyForDeploymentPostprocessing = 0;
		};
/* End PBXSourcesBuildPhase section */

/* Begin PBXTargetDependency section */
		3FDE31122CA32BB400F61DBA /* PBXTargetDependency */ = {
			isa = PBXTargetDependency;
			target = 3FDE30FF2CA32BB000F61DBA /* Music */;
			targetProxy = 3FDE31112CA32BB400F61DBA /* PBXContainerItemProxy */;
		};
		3FDE311C2CA32BB400F61DBA /* PBXTargetDependency */ = {
			isa = PBXTargetDependency;
			target = 3FDE30FF2CA32BB000F61DBA /* Music */;
			targetProxy = 3FDE311B2CA32BB400F61DBA /* PBXContainerItemProxy */;
		};
/* End PBXTargetDependency section */

/* Begin XCBuildConfiguration section */
		3FDE31222CA32BB400F61DBA /* Debug */ = {
			isa = XCBuildConfiguration;
			buildSettings = {
				ALWAYS_SEARCH_USER_PATHS = NO;
				ASSETCATALOG_COMPILER_GENERATE_SWIFT_ASSET_SYMBOL_EXTENSIONS = YES;
				CLANG_ANALYZER_NONNULL = YES;
				CLANG_ANALYZER_NUMBER_OBJECT_CONVERSION = YES_AGGRESSIVE;
				CLANG_CXX_LANGUAGE_STANDARD = "gnu++20";
				CLANG_ENABLE_MODULES = YES;
				CLANG_ENABLE_OBJC_ARC = YES;
				CLANG_ENABLE_OBJC_WEAK = YES;
				CLANG_WARN_BLOCK_CAPTURE_AUTORELEASING = YES;
				CLANG_WARN_BOOL_CONVERSION = YES;
				CLANG_WARN_COMMA = YES;
				CLANG_WARN_CONSTANT_CONVERSION = YES;
				CLANG_WARN_DEPRECATED_OBJC_IMPLEMENTATIONS = YES;
				CLANG_WARN_DIRECT_OBJC_ISA_USAGE = YES_ERROR;
				CLANG_WARN_DOCUMENTATION_COMMENTS = YES;
				CLANG_WARN_EMPTY_BODY = YES;
				CLANG_WARN_ENUM_CONVERSION = YES;
				CLANG_WARN_INFINITE_RECURSION = YES;
				CLANG_WARN_INT_CONVERSION = YES;
				CLANG_WARN_NON_LITERAL_NULL_CONVERSION = YES;
				CLANG_WARN_OBJC_IMPLICIT_RETAIN_SELF = YES;
				CLANG_WARN_OBJC_LITERAL_CONVERSION = YES;
				CLANG_WARN_OBJC_ROOT_CLASS = YES_ERROR;
				CLANG_WARN_QUOTED_INCLUDE_IN_FRAMEWORK_HEADER = YES;
				CLANG_WARN_RANGE_LOOP_ANALYSIS = YES;
				CLANG_WARN_STRICT_PROTOTYPES = YES;
				CLANG_WARN_SUSPICIOUS_MOVE = YES;
				CLANG_WARN_UNGUARDED_AVAILABILITY = YES_AGGRESSIVE;
				CLANG_WARN_UNREACHABLE_CODE = YES;
				CLANG_WARN__DUPLICATE_METHOD_MATCH = YES;
				COPY_PHASE_STRIP = NO;
				DEBUG_INFORMATION_FORMAT = dwarf;
				ENABLE_STRICT_OBJC_MSGSEND = YES;
				ENABLE_TESTABILITY = YES;
				ENABLE_USER_SCRIPT_SANDBOXING = YES;
				GCC_C_LANGUAGE_STANDARD = gnu17;
				GCC_DYNAMIC_NO_PIC = NO;
				GCC_NO_COMMON_BLOCKS = YES;
				GCC_OPTIMIZATION_LEVEL = 0;
				GCC_PREPROCESSOR_DEFINITIONS = (
					"DEBUG=1",
					"$(inherited)",
				);
				GCC_WARN_64_TO_32_BIT_CONVERSION = YES;
				GCC_WARN_ABOUT_RETURN_TYPE = YES_ERROR;
				GCC_WARN_UNDECLARED_SELECTOR = YES;
				GCC_WARN_UNINITIALIZED_AUTOS = YES_AGGRESSIVE;
				GCC_WARN_UNUSED_FUNCTION = YES;
				GCC_WARN_UNUSED_VARIABLE = YES;
				IPHONEOS_DEPLOYMENT_TARGET = 17.5;
				LOCALIZATION_PREFERS_STRING_CATALOGS = YES;
				MTL_ENABLE_DEBUG_INFO = INCLUDE_SOURCE;
				MTL_FAST_MATH = YES;
				ONLY_ACTIVE_ARCH = YES;
				SDKROOT = iphoneos;
				SWIFT_ACTIVE_COMPILATION_CONDITIONS = "DEBUG $(inherited)";
				SWIFT_OPTIMIZATION_LEVEL = "-Onone";
			};
			name = Debug;
		};
		3FDE31232CA32BB400F61DBA /* Release */ = {
			isa = XCBuildConfiguration;
			buildSettings = {
				ALWAYS_SEARCH_USER_PATHS = NO;
				ASSETCATALOG_COMPILER_GENERATE_SWIFT_ASSET_SYMBOL_EXTENSIONS = YES;
				CLANG_ANALYZER_NONNULL = YES;
				CLANG_ANALYZER_NUMBER_OBJECT_CONVERSION = YES_AGGRESSIVE;
				CLANG_CXX_LANGUAGE_STANDARD = "gnu++20";
				CLANG_ENABLE_MODULES = YES;
				CLANG_ENABLE_OBJC_ARC = YES;
				CLANG_ENABLE_OBJC_WEAK = YES;
				CLANG_WARN_BLOCK_CAPTURE_AUTORELEASING = YES;
				CLANG_WARN_BOOL_CONVERSION = YES;
				CLANG_WARN_COMMA = YES;
				CLANG_WARN_CONSTANT_CONVERSION = YES;
				CLANG_WARN_DEPRECATED_OBJC_IMPLEMENTATIONS = YES;
				CLANG_WARN_DIRECT_OBJC_ISA_USAGE = YES_ERROR;
				CLANG_WARN_DOCUMENTATION_COMMENTS = YES;
				CLANG_WARN_EMPTY_BODY = YES;
				CLANG_WARN_ENUM_CONVERSION = YES;
				CLANG_WARN_INFINITE_RECURSION = YES;
				CLANG_WARN_INT_CONVERSION = YES;
				CLANG_WARN_NON_LITERAL_NULL_CONVERSION = YES;
				CLANG_WARN_OBJC_IMPLICIT_RETAIN_SELF = YES;
				CLANG_WARN_OBJC_LITERAL_CONVERSION = YES;
				CLANG_WARN_OBJC_ROOT_CLASS = YES_ERROR;
				CLANG_WARN_QUOTED_INCLUDE_IN_FRAMEWORK_HEADER = YES;
				CLANG_WARN_RANGE_LOOP_ANALYSIS = YES;
				CLANG_WARN_STRICT_PROTOTYPES = YES;
				CLANG_WARN_SUSPICIOUS_MOVE = YES;
				CLANG_WARN_UNGUARDED_AVAILABILITY = YES_AGGRESSIVE;
				CLANG_WARN_UNREACHABLE_CODE = YES;
				CLANG_WARN__DUPLICATE_METHOD_MATCH = YES;
				COPY_PHASE_STRIP = NO;
				DEBUG_INFORMATION_FORMAT = "dwarf-with-dsym";
				ENABLE_NS_ASSERTIONS = NO;
				ENABLE_STRICT_OBJC_MSGSEND = YES;
				ENABLE_USER_SCRIPT_SANDBOXING = YES;
				GCC_C_LANGUAGE_STANDARD = gnu17;
				GCC_NO_COMMON_BLOCKS = YES;
				GCC_WARN_64_TO_32_BIT_CONVERSION = YES;
				GCC_WARN_ABOUT_RETURN_TYPE = YES_ERROR;
				GCC_WARN_UNDECLARED_SELECTOR = YES;
				GCC_WARN_UNINITIALIZED_AUTOS = YES_AGGRESSIVE;
				GCC_WARN_UNUSED_FUNCTION = YES;
				GCC_WARN_UNUSED_VARIABLE = YES;
				IPHONEOS_DEPLOYMENT_TARGET = 17.5;
				LOCALIZATION_PREFERS_STRING_CATALOGS = YES;
				MTL_ENABLE_DEBUG_INFO = NO;
				MTL_FAST_MATH = YES;
				SDKROOT = iphoneos;
				SWIFT_COMPILATION_MODE = wholemodule;
				VALIDATE_PRODUCT = YES;
			};
			name = Release;
		};
		3FDE31252CA32BB400F61DBA /* Debug */ = {
			isa = XCBuildConfiguration;
			buildSettings = {
				ASSETCATALOG_COMPILER_APPICON_NAME = AppIcon;
				ASSETCATALOG_COMPILER_GLOBAL_ACCENT_COLOR_NAME = AccentColor;
				CODE_SIGN_STYLE = Automatic;
				CURRENT_PROJECT_VERSION = 1;
				DEVELOPMENT_ASSET_PATHS = "\"Music/Preview Content\"";
				ENABLE_PREVIEWS = YES;
				GENERATE_INFOPLIST_FILE = YES;
				INFOPLIST_KEY_UIApplicationSceneManifest_Generation = YES;
				INFOPLIST_KEY_UIApplicationSupportsIndirectInputEvents = YES;
				INFOPLIST_KEY_UILaunchScreen_Generation = YES;
				INFOPLIST_KEY_UISupportedInterfaceOrientations_iPad = "UIInterfaceOrientationPortrait UIInterfaceOrientationPortraitUpsideDown UIInterfaceOrientationLandscapeLeft UIInterfaceOrientationLandscapeRight";
				INFOPLIST_KEY_UISupportedInterfaceOrientations_iPhone = "UIInterfaceOrientationPortrait UIInterfaceOrientationLandscapeLeft UIInterfaceOrientationLandscapeRight";
				LD_RUNPATH_SEARCH_PATHS = (
					"$(inherited)",
					"@executable_path/Frameworks",
				);
				MARKETING_VERSION = 1.0;
				PRODUCT_BUNDLE_IDENTIFIER = com.nraju.Music;
				PRODUCT_NAME = "$(TARGET_NAME)";
				SWIFT_EMIT_LOC_STRINGS = YES;
				SWIFT_VERSION = 5.0;
				TARGETED_DEVICE_FAMILY = "1,2";
			};
			name = Debug;
		};
		3FDE31262CA32BB400F61DBA /* Release */ = {
			isa = XCBuildConfiguration;
			buildSettings = {
				ASSETCATALOG_COMPILER_APPICON_NAME = AppIcon;
				ASSETCATALOG_COMPILER_GLOBAL_ACCENT_COLOR_NAME = AccentColor;
				CODE_SIGN_STYLE = Automatic;
				CURRENT_PROJECT_VERSION = 1;
				DEVELOPMENT_ASSET_PATHS = "\"Music/Preview Content\"";
				ENABLE_PREVIEWS = YES;
				GENERATE_INFOPLIST_FILE = YES;
				INFOPLIST_KEY_UIApplicationSceneManifest_Generation = YES;
				INFOPLIST_KEY_UIApplicationSupportsIndirectInputEvents = YES;
				INFOPLIST_KEY_UILaunchScreen_Generation = YES;
				INFOPLIST_KEY_UISupportedInterfaceOrientations_iPad = "UIInterfaceOrientationPortrait UIInterfaceOrientationPortraitUpsideDown UIInterfaceOrientationLandscapeLeft UIInterfaceOrientationLandscapeRight";
				INFOPLIST_KEY_UISupportedInterfaceOrientations_iPhone = "UIInterfaceOrientationPortrait UIInterfaceOrientationLandscapeLeft UIInterfaceOrientationLandscapeRight";
				LD_RUNPATH_SEARCH_PATHS = (
					"$(inherited)",
					"@executable_path/Frameworks",
				);
				MARKETING_VERSION = 1.0;
				PRODUCT_BUNDLE_IDENTIFIER = com.nraju.Music;
				PRODUCT_NAME = "$(TARGET_NAME)";
				SWIFT_EMIT_LOC_STRINGS = YES;
				SWIFT_VERSION = 5.0;
				TARGETED_DEVICE_FAMILY = "1,2";
			};
			name = Release;
		};
		3FDE31282CA32BB400F61DBA /* Debug */ = {
			isa = XCBuildConfiguration;
			buildSettings = {
				ALWAYS_EMBED_SWIFT_STANDARD_LIBRARIES = YES;
				BUNDLE_LOADER = "$(TEST_HOST)";
				CODE_SIGN_STYLE = Automatic;
				CURRENT_PROJECT_VERSION = 1;
				GENERATE_INFOPLIST_FILE = YES;
				IPHONEOS_DEPLOYMENT_TARGET = 17.5;
				MARKETING_VERSION = 1.0;
				PRODUCT_BUNDLE_IDENTIFIER = com.nraju.MusicTests;
				PRODUCT_NAME = "$(TARGET_NAME)";
				SWIFT_EMIT_LOC_STRINGS = NO;
				SWIFT_VERSION = 5.0;
				TARGETED_DEVICE_FAMILY = "1,2";
				TEST_HOST = "$(BUILT_PRODUCTS_DIR)/Music.app/$(BUNDLE_EXECUTABLE_FOLDER_PATH)/Music";
			};
			name = Debug;
		};
		3FDE31292CA32BB400F61DBA /* Release */ = {
			isa = XCBuildConfiguration;
			buildSettings = {
				ALWAYS_EMBED_SWIFT_STANDARD_LIBRARIES = YES;
				BUNDLE_LOADER = "$(TEST_HOST)";
				CODE_SIGN_STYLE = Automatic;
				CURRENT_PROJECT_VERSION = 1;
				GENERATE_INFOPLIST_FILE = YES;
				IPHONEOS_DEPLOYMENT_TARGET = 17.5;
				MARKETING_VERSION = 1.0;
				PRODUCT_BUNDLE_IDENTIFIER = com.nraju.MusicTests;
				PRODUCT_NAME = "$(TARGET_NAME)";
				SWIFT_EMIT_LOC_STRINGS = NO;
				SWIFT_VERSION = 5.0;
				TARGETED_DEVICE_FAMILY = "1,2";
				TEST_HOST = "$(BUILT_PRODUCTS_DIR)/Music.app/$(BUNDLE_EXECUTABLE_FOLDER_PATH)/Music";
			};
			name = Release;
		};
		3FDE312B2CA32BB400F61DBA /* Debug */ = {
			isa = XCBuildConfiguration;
			buildSettings = {
				ALWAYS_EMBED_SWIFT_STANDARD_LIBRARIES = YES;
				CODE_SIGN_STYLE = Automatic;
				CURRENT_PROJECT_VERSION = 1;
				GENERATE_INFOPLIST_FILE = YES;
				MARKETING_VERSION = 1.0;
				PRODUCT_BUNDLE_IDENTIFIER = com.nraju.MusicUITests;
				PRODUCT_NAME = "$(TARGET_NAME)";
				SWIFT_EMIT_LOC_STRINGS = NO;
				SWIFT_VERSION = 5.0;
				TARGETED_DEVICE_FAMILY = "1,2";
				TEST_TARGET_NAME = Music;
			};
			name = Debug;
		};
		3FDE312C2CA32BB400F61DBA /* Release */ = {
			isa = XCBuildConfiguration;
			buildSettings = {
				ALWAYS_EMBED_SWIFT_STANDARD_LIBRARIES = YES;
				CODE_SIGN_STYLE = Automatic;
				CURRENT_PROJECT_VERSION = 1;
				GENERATE_INFOPLIST_FILE = YES;
				MARKETING_VERSION = 1.0;
				PRODUCT_BUNDLE_IDENTIFIER = com.nraju.MusicUITests;
				PRODUCT_NAME = "$(TARGET_NAME)";
				SWIFT_EMIT_LOC_STRINGS = NO;
				SWIFT_VERSION = 5.0;
				TARGETED_DEVICE_FAMILY = "1,2";
				TEST_TARGET_NAME = Music;
			};
			name = Release;
		};
/* End XCBuildConfiguration section */

/* Begin XCConfigurationList section */
		3FDE30FB2CA32BB000F61DBA /* Build configuration list for PBXProject "Music" */ = {
			isa = XCConfigurationList;
			buildConfigurations = (
				3FDE31222CA32BB400F61DBA /* Debug */,
				3FDE31232CA32BB400F61DBA /* Release */,
			);
			defaultConfigurationIsVisible = 0;
			defaultConfigurationName = Release;
		};
		3FDE31242CA32BB400F61DBA /* Build configuration list for PBXNativeTarget "Music" */ = {
			isa = XCConfigurationList;
			buildConfigurations = (
				3FDE31252CA32BB400F61DBA /* Debug */,
				3FDE31262CA32BB400F61DBA /* Release */,
			);
			defaultConfigurationIsVisible = 0;
			defaultConfigurationName = Release;
		};
		3FDE31272CA32BB400F61DBA /* Build configuration list for PBXNativeTarget "MusicTests" */ = {
			isa = XCConfigurationList;
			buildConfigurations = (
				3FDE31282CA32BB400F61DBA /* Debug */,
				3FDE31292CA32BB400F61DBA /* Release */,
			);
			defaultConfigurationIsVisible = 0;
			defaultConfigurationName = Release;
		};
		3FDE312A2CA32BB400F61DBA /* Build configuration list for PBXNativeTarget "MusicUITests" */ = {
			isa = XCConfigurationList;
			buildConfigurations = (
				3FDE312B2CA32BB400F61DBA /* Debug */,
				3FDE312C2CA32BB400F61DBA /* Release */,
			);
			defaultConfigurationIsVisible = 0;
			defaultConfigurationName = Release;
		};
/* End XCConfigurationList section */
	};
	rootObject = 3FDE30F82CA32BB000F61DBA /* Project object */;
}
